
Microsoft Visual Studio Solution File, Format Version 12.00
# Visual Studio 2013
VisualStudioVersion = 12.0.40629.0
MinimumVisualStudioVersion = 10.0.40219.1
Project("{FAE04EC0-301F-11D3-BF4B-00C04F79EFBC}") = "Aprendizado", "Aprendizado\Aprendizado.csproj", "{21DB1E24-91EE-47E8-A9D3-E0EC7202CB4D}"
EndProject
Project("{FAE04EC0-301F-11D3-BF4B-00C04F79EFBC}") = "Domain", "Domain\Domain.csproj", "{31C7E221-DEE9-4242-AED1-7051F0929334}"
EndProject
Project("{FAE04EC0-301F-11D3-BF4B-00C04F79EFBC}") = "Data", "Data\Data.csproj", "{F2526922-2356-4214-B8A1-52C8EF28B954}"
EndProject
Global
	GlobalSection(SolutionConfigurationPlatforms) = preSolution
		Debug|Any CPU = Debug|Any CPU
		Release|Any CPU = Release|Any CPU
	EndGlobalSection
	GlobalSection(ProjectConfigurationPlatforms) = postSolution
		{21DB1E24-91EE-47E8-A9D3-E0EC7202CB4D}.Debug|Any CPU.ActiveCfg = Debug|Any CPU
		{21DB1E24-91EE-47E8-A9D3-E0EC7202CB4D}.Debug|Any CPU.Build.0 = Debug|Any CPU
		{21DB1E24-91EE-47E8-A9D3-E0EC7202CB4D}.Release|Any CPU.ActiveCfg = Release|Any CPU
		{21DB1E24-91EE-47E8-A9D3-E0EC7202CB4D}.Release|Any CPU.Build.0 = Release|Any CPU
		{31C7E221-DEE9-4242-AED1-7051F0929334}.Debug|Any CPU.ActiveCfg = Debug|Any CPU
		{31C7E221-DEE9-4242-AED1-7051F0929334}.Debug|Any CPU.Build.0 = Debug|Any CPU
		{31C7E221-DEE9-4242-AED1-7051F0929334}.Release|Any CPU.ActiveCfg = Release|Any CPU
		{31C7E221-DEE9-4242-AED1-7051F0929334}.Release|Any CPU.Build.0 = Release|Any CPU
		{F2526922-2356-4214-B8A1-52C8EF28B954}.Debug|Any CPU.ActiveCfg = Debug|Any CPU
		{F2526922-2356-4214-B8A1-52C8EF28B954}.Debug|Any CPU.Build.0 = Debug|Any CPU
		{F2526922-2356-4214-B8A1-52C8EF28B954}.Release|Any CPU.ActiveCfg = Release|Any CPU
		{F2526922-2356-4214-B8A1-52C8EF28B954}.Release|Any CPU.Build.0 = Release|Any CPU
	EndGlobalSection
	GlobalSection(SolutionProperties) = preSolution
		HideSolutionNode = FALSE
	EndGlobalSection
EndGlobal
